// !$*UTF8*$!
{
	archiveVersion = 1;
	classes = {
	};
	objectVersion = 46;
	objects = {

/* Begin PBXBuildFile section */
		E4E671E81C2618FF00B96C7A /* main.m in Sources */ = {isa = PBXBuildFile; fileRef = E4E671E71C2618FF00B96C7A /* main.m */; };
		E4E671EB1C2618FF00B96C7A /* AppDelegate.m in Sources */ = {isa = PBXBuildFile; fileRef = E4E671EA1C2618FF00B96C7A /* AppDelegate.m */; };
		E4E671EE1C2618FF00B96C7A /* ViewController.m in Sources */ = {isa = PBXBuildFile; fileRef = E4E671ED1C2618FF00B96C7A /* ViewController.m */; };
		E4E671F11C2618FF00B96C7A /* Main.storyboard in Resources */ = {isa = PBXBuildFile; fileRef = E4E671EF1C2618FF00B96C7A /* Main.storyboard */; };
		E4E671F31C2618FF00B96C7A /* Assets.xcassets in Resources */ = {isa = PBXBuildFile; fileRef = E4E671F21C2618FF00B96C7A /* Assets.xcassets */; };
		E4E671F61C2618FF00B96C7A /* LaunchScreen.storyboard in Resources */ = {isa = PBXBuildFile; fileRef = E4E671F41C2618FF00B96C7A /* LaunchScreen.storyboard */; };
		E4E672011C2618FF00B96C7A /* projCharmdTests.m in Sources */ = {isa = PBXBuildFile; fileRef = E4E672001C2618FF00B96C7A /* projCharmdTests.m */; };
		E4E6720C1C26190000B96C7A /* projCharmdUITests.m in Sources */ = {isa = PBXBuildFile; fileRef = E4E6720B1C26190000B96C7A /* projCharmdUITests.m */; };
		E4E672271C2633EA00B96C7A /* FBSDKCoreKit.framework in Frameworks */ = {isa = PBXBuildFile; fileRef = E4E672261C2633EA00B96C7A /* FBSDKCoreKit.framework */; };
		E4E672291C26340500B96C7A /* FBSDKLoginKit.framework in Frameworks */ = {isa = PBXBuildFile; fileRef = E4E672281C26340500B96C7A /* FBSDKLoginKit.framework */; };
		E4E6722B1C26340E00B96C7A /* FBSDKShareKit.framework in Frameworks */ = {isa = PBXBuildFile; fileRef = E4E6722A1C26340E00B96C7A /* FBSDKShareKit.framework */; };
		E4E672301C264DE400B96C7A /* aboutmeView.m in Sources */ = {isa = PBXBuildFile; fileRef = E4E6722F1C264DE400B96C7A /* aboutmeView.m */; };
		E4E672331C268D0D00B96C7A /* matchesView.m in Sources */ = {isa = PBXBuildFile; fileRef = E4E672321C268D0D00B96C7A /* matchesView.m */; };
		E4E672361C268D2600B96C7A /* profileView.m in Sources */ = {isa = PBXBuildFile; fileRef = E4E672351C268D2600B96C7A /* profileView.m */; };
		E4E672391C268D5C00B96C7A /* chatView.m in Sources */ = {isa = PBXBuildFile; fileRef = E4E672381C268D5C00B96C7A /* chatView.m */; };
/* End PBXBuildFile section */

/* Begin PBXContainerItemProxy section */
		E4E671FD1C2618FF00B96C7A /* PBXContainerItemProxy */ = {
			isa = PBXContainerItemProxy;
			containerPortal = E4E671DB1C2618FF00B96C7A /* Project object */;
			proxyType = 1;
			remoteGlobalIDString = E4E671E21C2618FF00B96C7A;
			remoteInfo = projCharmd;
		};
		E4E672081C26190000B96C7A /* PBXContainerItemProxy */ = {
			isa = PBXContainerItemProxy;
			containerPortal = E4E671DB1C2618FF00B96C7A /* Project object */;
			proxyType = 1;
			remoteGlobalIDString = E4E671E21C2618FF00B96C7A;
			remoteInfo = projCharmd;
		};
/* End PBXContainerItemProxy section */

/* Begin PBXFileReference section */
		E4E671E31C2618FF00B96C7A /* projCharmd.app */ = {isa = PBXFileReference; explicitFileType = wrapper.application; includeInIndex = 0; path = projCharmd.app; sourceTree = BUILT_PRODUCTS_DIR; };
		E4E671E71C2618FF00B96C7A /* main.m */ = {isa = PBXFileReference; lastKnownFileType = sourcecode.c.objc; path = main.m; sourceTree = "<group>"; };
		E4E671E91C2618FF00B96C7A /* AppDelegate.h */ = {isa = PBXFileReference; lastKnownFileType = sourcecode.c.h; path = AppDelegate.h; sourceTree = "<group>"; };
		E4E671EA1C2618FF00B96C7A /* AppDelegate.m */ = {isa = PBXFileReference; lastKnownFileType = sourcecode.c.objc; path = AppDelegate.m; sourceTree = "<group>"; };
		E4E671EC1C2618FF00B96C7A /* ViewController.h */ = {isa = PBXFileReference; lastKnownFileType = sourcecode.c.h; path = ViewController.h; sourceTree = "<group>"; };
		E4E671ED1C2618FF00B96C7A /* ViewController.m */ = {isa = PBXFileReference; lastKnownFileType = sourcecode.c.objc; path = ViewController.m; sourceTree = "<group>"; };
		E4E671F01C2618FF00B96C7A /* Base */ = {isa = PBXFileReference; lastKnownFileType = file.storyboard; name = Base; path = Base.lproj/Main.storyboard; sourceTree = "<group>"; };
		E4E671F21C2618FF00B96C7A /* Assets.xcassets */ = {isa = PBXFileReference; lastKnownFileType = folder.assetcatalog; path = Assets.xcassets; sourceTree = "<group>"; };
		E4E671F51C2618FF00B96C7A /* Base */ = {isa = PBXFileReference; lastKnownFileType = file.storyboard; name = Base; path = Base.lproj/LaunchScreen.storyboard; sourceTree = "<group>"; };
		E4E671F71C2618FF00B96C7A /* Info.plist */ = {isa = PBXFileReference; lastKnownFileType = text.plist.xml; path = Info.plist; sourceTree = "<group>"; };
		E4E671FC1C2618FF00B96C7A /* projCharmdTests.xctest */ = {isa = PBXFileReference; explicitFileType = wrapper.cfbundle; includeInIndex = 0; path = projCharmdTests.xctest; sourceTree = BUILT_PRODUCTS_DIR; };
		E4E672001C2618FF00B96C7A /* projCharmdTests.m */ = {isa = PBXFileReference; lastKnownFileType = sourcecode.c.objc; path = projCharmdTests.m; sourceTree = "<group>"; };
		E4E672021C26190000B96C7A /* Info.plist */ = {isa = PBXFileReference; lastKnownFileType = text.plist.xml; path = Info.plist; sourceTree = "<group>"; };
		E4E672071C26190000B96C7A /* projCharmdUITests.xctest */ = {isa = PBXFileReference; explicitFileType = wrapper.cfbundle; includeInIndex = 0; path = projCharmdUITests.xctest; sourceTree = BUILT_PRODUCTS_DIR; };
		E4E6720B1C26190000B96C7A /* projCharmdUITests.m */ = {isa = PBXFileReference; lastKnownFileType = sourcecode.c.objc; path = projCharmdUITests.m; sourceTree = "<group>"; };
		E4E6720D1C26190000B96C7A /* Info.plist */ = {isa = PBXFileReference; lastKnownFileType = text.plist.xml; path = Info.plist; sourceTree = "<group>"; };
		E4E672261C2633EA00B96C7A /* FBSDKCoreKit.framework */ = {isa = PBXFileReference; lastKnownFileType = wrapper.framework; name = FBSDKCoreKit.framework; path = "../../../../Documents/FacebookSDKs-iOS-20151111/FBSDKCoreKit.framework"; sourceTree = "<group>"; };
		E4E672281C26340500B96C7A /* FBSDKLoginKit.framework */ = {isa = PBXFileReference; lastKnownFileType = wrapper.framework; name = FBSDKLoginKit.framework; path = "../../../../Documents/FacebookSDKs-iOS-20151111/FBSDKLoginKit.framework"; sourceTree = "<group>"; };
		E4E6722A1C26340E00B96C7A /* FBSDKShareKit.framework */ = {isa = PBXFileReference; lastKnownFileType = wrapper.framework; name = FBSDKShareKit.framework; path = "../../../../Documents/FacebookSDKs-iOS-20151111/FBSDKShareKit.framework"; sourceTree = "<group>"; };
		E4E6722E1C264DE400B96C7A /* aboutmeView.h */ = {isa = PBXFileReference; fileEncoding = 4; lastKnownFileType = sourcecode.c.h; path = aboutmeView.h; sourceTree = "<group>"; };
		E4E6722F1C264DE400B96C7A /* aboutmeView.m */ = {isa = PBXFileReference; fileEncoding = 4; lastKnownFileType = sourcecode.c.objc; path = aboutmeView.m; sourceTree = "<group>"; };
		E4E672311C268D0D00B96C7A /* matchesView.h */ = {isa = PBXFileReference; fileEncoding = 4; lastKnownFileType = sourcecode.c.h; path = matchesView.h; sourceTree = "<group>"; };
		E4E672321C268D0D00B96C7A /* matchesView.m */ = {isa = PBXFileReference; fileEncoding = 4; lastKnownFileType = sourcecode.c.objc; path = matchesView.m; sourceTree = "<group>"; };
		E4E672341C268D2600B96C7A /* profileView.h */ = {isa = PBXFileReference; fileEncoding = 4; lastKnownFileType = sourcecode.c.h; path = profileView.h; sourceTree = "<group>"; };
		E4E672351C268D2600B96C7A /* profileView.m */ = {isa = PBXFileReference; fileEncoding = 4; lastKnownFileType = sourcecode.c.objc; path = profileView.m; sourceTree = "<group>"; };
		E4E672371C268D5C00B96C7A /* chatView.h */ = {isa = PBXFileReference; fileEncoding = 4; lastKnownFileType = sourcecode.c.h; path = chatView.h; sourceTree = "<group>"; };
		E4E672381C268D5C00B96C7A /* chatView.m */ = {isa = PBXFileReference; fileEncoding = 4; lastKnownFileType = sourcecode.c.objc; path = chatView.m; sourceTree = "<group>"; };
/* End PBXFileReference section */

/* Begin PBXFrameworksBuildPhase section */
		E4E671E01C2618FF00B96C7A /* Frameworks */ = {
			isa = PBXFrameworksBuildPhase;
			buildActionMask = 2147483647;
			files = (
				E4E672291C26340500B96C7A /* FBSDKLoginKit.framework in Frameworks */,
				E4E672271C2633EA00B96C7A /* FBSDKCoreKit.framework in Frameworks */,
				E4E6722B1C26340E00B96C7A /* FBSDKShareKit.framework in Frameworks */,
			);
			runOnlyForDeploymentPostprocessing = 0;
		};
		E4E671F91C2618FF00B96C7A /* Frameworks */ = {
			isa = PBXFrameworksBuildPhase;
			buildActionMask = 2147483647;
			files = (
			);
			runOnlyForDeploymentPostprocessing = 0;
		};
		E4E672041C26190000B96C7A /* Frameworks */ = {
			isa = PBXFrameworksBuildPhase;
			buildActionMask = 2147483647;
			files = (
			);
			runOnlyForDeploymentPostprocessing = 0;
		};
/* End PBXFrameworksBuildPhase section */

/* Begin PBXGroup section */
		E4E671DA1C2618FF00B96C7A = {
			isa = PBXGroup;
			children = (
				E4E672191C26306700B96C7A /* Frameworks */,
				E4E671E51C2618FF00B96C7A /* projCharmd */,
				E4E671FF1C2618FF00B96C7A /* projCharmdTests */,
				E4E6720A1C26190000B96C7A /* projCharmdUITests */,
				E4E671E41C2618FF00B96C7A /* Products */,
			);
			sourceTree = "<group>";
		};
		E4E671E41C2618FF00B96C7A /* Products */ = {
			isa = PBXGroup;
			children = (
				E4E671E31C2618FF00B96C7A /* projCharmd.app */,
				E4E671FC1C2618FF00B96C7A /* projCharmdTests.xctest */,
				E4E672071C26190000B96C7A /* projCharmdUITests.xctest */,
			);
			name = Products;
			sourceTree = "<group>";
		};
		E4E671E51C2618FF00B96C7A /* projCharmd */ = {
			isa = PBXGroup;
			children = (
				E4E671E91C2618FF00B96C7A /* AppDelegate.h */,
				E4E671EA1C2618FF00B96C7A /* AppDelegate.m */,
				E4E672371C268D5C00B96C7A /* chatView.h */,
				E4E672381C268D5C00B96C7A /* chatView.m */,
				E4E672341C268D2600B96C7A /* profileView.h */,
				E4E672351C268D2600B96C7A /* profileView.m */,
				E4E672311C268D0D00B96C7A /* matchesView.h */,
				E4E672321C268D0D00B96C7A /* matchesView.m */,
				E4E6722E1C264DE400B96C7A /* aboutmeView.h */,
				E4E6722F1C264DE400B96C7A /* aboutmeView.m */,
				E4E671EC1C2618FF00B96C7A /* ViewController.h */,
				E4E671ED1C2618FF00B96C7A /* ViewController.m */,
				E4E671EF1C2618FF00B96C7A /* Main.storyboard */,
				E4E671F21C2618FF00B96C7A /* Assets.xcassets */,
				E4E671F41C2618FF00B96C7A /* LaunchScreen.storyboard */,
				E4E671F71C2618FF00B96C7A /* Info.plist */,
				E4E671E61C2618FF00B96C7A /* Supporting Files */,
			);
			path = projCharmd;
			sourceTree = "<group>";
		};
		E4E671E61C2618FF00B96C7A /* Supporting Files */ = {
			isa = PBXGroup;
			children = (
				E4E671E71C2618FF00B96C7A /* main.m */,
			);
			name = "Supporting Files";
			sourceTree = "<group>";
		};
		E4E671FF1C2618FF00B96C7A /* projCharmdTests */ = {
			isa = PBXGroup;
			children = (
				E4E672001C2618FF00B96C7A /* projCharmdTests.m */,
				E4E672021C26190000B96C7A /* Info.plist */,
			);
			path = projCharmdTests;
			sourceTree = "<group>";
		};
		E4E6720A1C26190000B96C7A /* projCharmdUITests */ = {
			isa = PBXGroup;
			children = (
				E4E6720B1C26190000B96C7A /* projCharmdUITests.m */,
				E4E6720D1C26190000B96C7A /* Info.plist */,
			);
			path = projCharmdUITests;
			sourceTree = "<group>";
		};
		E4E672191C26306700B96C7A /* Frameworks */ = {
			isa = PBXGroup;
			children = (
				E4E6722A1C26340E00B96C7A /* FBSDKShareKit.framework */,
				E4E672281C26340500B96C7A /* FBSDKLoginKit.framework */,
				E4E672261C2633EA00B96C7A /* FBSDKCoreKit.framework */,
			);
			name = Frameworks;
			sourceTree = "<group>";
		};
/* End PBXGroup section */

/* Begin PBXNativeTarget section */
		E4E671E21C2618FF00B96C7A /* projCharmd */ = {
			isa = PBXNativeTarget;
			buildConfigurationList = E4E672101C26190000B96C7A /* Build configuration list for PBXNativeTarget "projCharmd" */;
			buildPhases = (
				E4E671DF1C2618FF00B96C7A /* Sources */,
				E4E671E01C2618FF00B96C7A /* Frameworks */,
				E4E671E11C2618FF00B96C7A /* Resources */,
			);
			buildRules = (
			);
			dependencies = (
			);
			name = projCharmd;
			productName = projCharmd;
			productReference = E4E671E31C2618FF00B96C7A /* projCharmd.app */;
			productType = "com.apple.product-type.application";
		};
		E4E671FB1C2618FF00B96C7A /* projCharmdTests */ = {
			isa = PBXNativeTarget;
			buildConfigurationList = E4E672131C26190000B96C7A /* Build configuration list for PBXNativeTarget "projCharmdTests" */;
			buildPhases = (
				E4E671F81C2618FF00B96C7A /* Sources */,
				E4E671F91C2618FF00B96C7A /* Frameworks */,
				E4E671FA1C2618FF00B96C7A /* Resources */,
			);
			buildRules = (
			);
			dependencies = (
				E4E671FE1C2618FF00B96C7A /* PBXTargetDependency */,
			);
			name = projCharmdTests;
			productName = projCharmdTests;
			productReference = E4E671FC1C2618FF00B96C7A /* projCharmdTests.xctest */;
			productType = "com.apple.product-type.bundle.unit-test";
		};
		E4E672061C26190000B96C7A /* projCharmdUITests */ = {
			isa = PBXNativeTarget;
			buildConfigurationList = E4E672161C26190000B96C7A /* Build configuration list for PBXNativeTarget "projCharmdUITests" */;
			buildPhases = (
				E4E672031C26190000B96C7A /* Sources */,
				E4E672041C26190000B96C7A /* Frameworks */,
				E4E672051C26190000B96C7A /* Resources */,
			);
			buildRules = (
			);
			dependencies = (
				E4E672091C26190000B96C7A /* PBXTargetDependency */,
			);
			name = projCharmdUITests;
			productName = projCharmdUITests;
			productReference = E4E672071C26190000B96C7A /* projCharmdUITests.xctest */;
			productType = "com.apple.product-type.bundle.ui-testing";
		};
/* End PBXNativeTarget section */

/* Begin PBXProject section */
		E4E671DB1C2618FF00B96C7A /* Project object */ = {
			isa = PBXProject;
			attributes = {
				LastUpgradeCheck = 0710;
				ORGANIZATIONNAME = "Marilyn Cruz";
				TargetAttributes = {
					E4E671E21C2618FF00B96C7A = {
						CreatedOnToolsVersion = 7.1;
						DevelopmentTeam = U36CWGN78Z;
					};
					E4E671FB1C2618FF00B96C7A = {
						CreatedOnToolsVersion = 7.1;
						DevelopmentTeam = NQKC2A759Y;
						TestTargetID = E4E671E21C2618FF00B96C7A;
					};
					E4E672061C26190000B96C7A = {
						CreatedOnToolsVersion = 7.1;
						DevelopmentTeam = NQKC2A759Y;
						TestTargetID = E4E671E21C2618FF00B96C7A;
					};
				};
			};
			buildConfigurationList = E4E671DE1C2618FF00B96C7A /* Build configuration list for PBXProject "projCharmd" */;
			compatibilityVersion = "Xcode 3.2";
			developmentRegion = English;
			hasScannedForEncodings = 0;
			knownRegions = (
				en,
				Base,
			);
			mainGroup = E4E671DA1C2618FF00B96C7A;
			productRefGroup = E4E671E41C2618FF00B96C7A /* Products */;
			projectDirPath = "";
			projectRoot = "";
			targets = (
				E4E671E21C2618FF00B96C7A /* projCharmd */,
				E4E671FB1C2618FF00B96C7A /* projCharmdTests */,
				E4E672061C26190000B96C7A /* projCharmdUITests */,
			);
		};
/* End PBXProject section */

/* Begin PBXResourcesBuildPhase section */
		E4E671E11C2618FF00B96C7A /* Resources */ = {
			isa = PBXResourcesBuildPhase;
			buildActionMask = 2147483647;
			files = (
				E4E671F61C2618FF00B96C7A /* LaunchScreen.storyboard in Resources */,
				E4E671F31C2618FF00B96C7A /* Assets.xcassets in Resources */,
				E4E671F11C2618FF00B96C7A /* Main.storyboard in Resources */,
			);
			runOnlyForDeploymentPostprocessing = 0;
		};
		E4E671FA1C2618FF00B96C7A /* Resources */ = {
			isa = PBXResourcesBuildPhase;
			buildActionMask = 2147483647;
			files = (
			);
			runOnlyForDeploymentPostprocessing = 0;
		};
		E4E672051C26190000B96C7A /* Resources */ = {
			isa = PBXResourcesBuildPhase;
			buildActionMask = 2147483647;
			files = (
			);
			runOnlyForDeploymentPostprocessing = 0;
		};
/* End PBXResourcesBuildPhase section */

/* Begin PBXSourcesBuildPhase section */
		E4E671DF1C2618FF00B96C7A /* Sources */ = {
			isa = PBXSourcesBuildPhase;
			buildActionMask = 2147483647;
			files = (
				E4E672361C268D2600B96C7A /* profileView.m in Sources */,
				E4E672301C264DE400B96C7A /* aboutmeView.m in Sources */,
				E4E671EE1C2618FF00B96C7A /* ViewController.m in Sources */,
				E4E671EB1C2618FF00B96C7A /* AppDelegate.m in Sources */,
				E4E672391C268D5C00B96C7A /* chatView.m in Sources */,
				E4E672331C268D0D00B96C7A /* matchesView.m in Sources */,
				E4E671E81C2618FF00B96C7A /* main.m in Sources */,
			);
			runOnlyForDeploymentPostprocessing = 0;
		};
		E4E671F81C2618FF00B96C7A /* Sources */ = {
			isa = PBXSourcesBuildPhase;
			buildActionMask = 2147483647;
			files = (
				E4E672011C2618FF00B96C7A /* projCharmdTests.m in Sources */,
			);
			runOnlyForDeploymentPostprocessing = 0;
		};
		E4E672031C26190000B96C7A /* Sources */ = {
			isa = PBXSourcesBuildPhase;
			buildActionMask = 2147483647;
			files = (
				E4E6720C1C26190000B96C7A /* projCharmdUITests.m in Sources */,
			);
			runOnlyForDeploymentPostprocessing = 0;
		};
/* End PBXSourcesBuildPhase section */

/* Begin PBXTargetDependency section */
		E4E671FE1C2618FF00B96C7A /* PBXTargetDependency */ = {
			isa = PBXTargetDependency;
			target = E4E671E21C2618FF00B96C7A /* projCharmd */;
			targetProxy = E4E671FD1C2618FF00B96C7A /* PBXContainerItemProxy */;
		};
		E4E672091C26190000B96C7A /* PBXTargetDependency */ = {
			isa = PBXTargetDependency;
			target = E4E671E21C2618FF00B96C7A /* projCharmd */;
			targetProxy = E4E672081C26190000B96C7A /* PBXContainerItemProxy */;
		};
/* End PBXTargetDependency section */

/* Begin PBXVariantGroup section */
		E4E671EF1C2618FF00B96C7A /* Main.storyboard */ = {
			isa = PBXVariantGroup;
			children = (
				E4E671F01C2618FF00B96C7A /* Base */,
			);
			name = Main.storyboard;
			sourceTree = "<group>";
		};
		E4E671F41C2618FF00B96C7A /* LaunchScreen.storyboard */ = {
			isa = PBXVariantGroup;
			children = (
				E4E671F51C2618FF00B96C7A /* Base */,
			);
			name = LaunchScreen.storyboard;
			sourceTree = "<group>";
		};
/* End PBXVariantGroup section */

/* Begin XCBuildConfiguration section */
		E4E6720E1C26190000B96C7A /* Debug */ = {
			isa = XCBuildConfiguration;
			buildSettings = {
				ALWAYS_SEARCH_USER_PATHS = NO;
				CLANG_CXX_LANGUAGE_STANDARD = "gnu++0x";
				CLANG_CXX_LIBRARY = "libc++";
				CLANG_ENABLE_MODULES = YES;
				CLANG_ENABLE_OBJC_ARC = YES;
				CLANG_WARN_BOOL_CONVERSION = YES;
				CLANG_WARN_CONSTANT_CONVERSION = YES;
				CLANG_WARN_DIRECT_OBJC_ISA_USAGE = YES_ERROR;
				CLANG_WARN_EMPTY_BODY = YES;
				CLANG_WARN_ENUM_CONVERSION = YES;
				CLANG_WARN_INT_CONVERSION = YES;
				CLANG_WARN_OBJC_ROOT_CLASS = YES_ERROR;
				CLANG_WARN_UNREACHABLE_CODE = YES;
				CLANG_WARN__DUPLICATE_METHOD_MATCH = YES;
				"CODE_SIGN_IDENTITY[sdk=iphoneos*]" = "iPhone Developer";
				COPY_PHASE_STRIP = NO;
				DEBUG_INFORMATION_FORMAT = dwarf;
				ENABLE_STRICT_OBJC_MSGSEND = YES;
				ENABLE_TESTABILITY = YES;
				GCC_C_LANGUAGE_STANDARD = gnu99;
				GCC_DYNAMIC_NO_PIC = NO;
				GCC_NO_COMMON_BLOCKS = YES;
				GCC_OPTIMIZATION_LEVEL = 0;
				GCC_PREPROCESSOR_DEFINITIONS = (
					"DEBUG=1",
					"$(inherited)",
				);
				GCC_WARN_64_TO_32_BIT_CONVERSION = YES;
				GCC_WARN_ABOUT_RETURN_TYPE = YES_ERROR;
				GCC_WARN_UNDECLARED_SELECTOR = YES;
				GCC_WARN_UNINITIALIZED_AUTOS = YES_AGGRESSIVE;
				GCC_WARN_UNUSED_FUNCTION = YES;
				GCC_WARN_UNUSED_VARIABLE = YES;
				IPHONEOS_DEPLOYMENT_TARGET = 9.1;
				MTL_ENABLE_DEBUG_INFO = YES;
				ONLY_ACTIVE_ARCH = YES;
				SDKROOT = iphoneos;
				TARGETED_DEVICE_FAMILY = "1,2";
			};
			name = Debug;
		};
		E4E6720F1C26190000B96C7A /* Release */ = {
			isa = XCBuildConfiguration;
			buildSettings = {
				ALWAYS_SEARCH_USER_PATHS = NO;
				CLANG_CXX_LANGUAGE_STANDARD = "gnu++0x";
				CLANG_CXX_LIBRARY = "libc++";
				CLANG_ENABLE_MODULES = YES;
				CLANG_ENABLE_OBJC_ARC = YES;
				CLANG_WARN_BOOL_CONVERSION = YES;
				CLANG_WARN_CONSTANT_CONVERSION = YES;
				CLANG_WARN_DIRECT_OBJC_ISA_USAGE = YES_ERROR;
				CLANG_WARN_EMPTY_BODY = YES;
				CLANG_WARN_ENUM_CONVERSION = YES;
				CLANG_WARN_INT_CONVERSION = YES;
				CLANG_WARN_OBJC_ROOT_CLASS = YES_ERROR;
				CLANG_WARN_UNREACHABLE_CODE = YES;
				CLANG_WARN__DUPLICATE_METHOD_MATCH = YES;
				"CODE_SIGN_IDENTITY[sdk=iphoneos*]" = "iPhone Developer";
				COPY_PHASE_STRIP = NO;
				DEBUG_INFORMATION_FORMAT = "dwarf-with-dsym";
				ENABLE_NS_ASSERTIONS = NO;
				ENABLE_STRICT_OBJC_MSGSEND = YES;
				GCC_C_LANGUAGE_STANDARD = gnu99;
				GCC_NO_COMMON_BLOCKS = YES;
				GCC_WARN_64_TO_32_BIT_CONVERSION = YES;
				GCC_WARN_ABOUT_RETURN_TYPE = YES_ERROR;
				GCC_WARN_UNDECLARED_SELECTOR = YES;
				GCC_WARN_UNINITIALIZED_AUTOS = YES_AGGRESSIVE;
				GCC_WARN_UNUSED_FUNCTION = YES;
				GCC_WARN_UNUSED_VARIABLE = YES;
				IPHONEOS_DEPLOYMENT_TARGET = 9.1;
				MTL_ENABLE_DEBUG_INFO = NO;
				SDKROOT = iphoneos;
				TARGETED_DEVICE_FAMILY = "1,2";
				VALIDATE_PRODUCT = YES;
			};
			name = Release;
		};
		E4E672111C26190000B96C7A /* Debug */ = {
			isa = XCBuildConfiguration;
			buildSettings = {
				ASSETCATALOG_COMPILER_APPICON_NAME = AppIcon;
				CODE_SIGN_IDENTITY = "iPhone Developer";
				"CODE_SIGN_IDENTITY[sdk=iphoneos*]" = "iPhone Developer";
				EXCLUDED_RECURSIVE_SEARCH_PATH_SUBDIRECTORIES = "*.nib *.lproj *.gch *.xcode* *.xcassets (*) .DS_Store CVS .svn .git .hg *.pbproj *.pbxproj";
				"FRAMEWORK_SEARCH_PATHS[arch=*]" = "/Users/Marcrzzz/Documents/FacebookSDK/**";
				INFOPLIST_FILE = projCharmd/Info.plist;
				LD_RUNPATH_SEARCH_PATHS = "$(inherited) @executable_path/Frameworks";
				PRODUCT_BUNDLE_IDENTIFIER = marilyn.projCharmd;
				PRODUCT_NAME = "$(TARGET_NAME)";
				PROVISIONING_PROFILE = "";
			};
			name = Debug;
		};
		E4E672121C26190000B96C7A /* Release */ = {
			isa = XCBuildConfiguration;
			buildSettings = {
				ASSETCATALOG_COMPILER_APPICON_NAME = AppIcon;
				CODE_SIGN_IDENTITY = "iPhone Developer";
				"CODE_SIGN_IDENTITY[sdk=iphoneos*]" = "iPhone Developer";
				EXCLUDED_RECURSIVE_SEARCH_PATH_SUBDIRECTORIES = "*.nib *.lproj *.gch *.xcode* *.xcassets (*) .DS_Store CVS .svn .git .hg *.pbproj *.pbxproj";
				"FRAMEWORK_SEARCH_PATHS[arch=*]" = "/Users/Marcrzzz/Documents/FacebookSDK/**";
				INFOPLIST_FILE = projCharmd/Info.plist;
				LD_RUNPATH_SEARCH_PATHS = "$(inherited) @executable_path/Frameworks";
				PRODUCT_BUNDLE_IDENTIFIER = marilyn.projCharmd;
				PRODUCT_NAME = "$(TARGET_NAME)";
				PROVISIONING_PROFILE = "";
			};
			name = Release;
		};
		E4E672141C26190000B96C7A /* Debug */ = {
			isa = XCBuildConfiguration;
			buildSettings = {
				BUNDLE_LOADER = "$(TEST_HOST)";
				INFOPLIST_FILE = projCharmdTests/Info.plist;
				LD_RUNPATH_SEARCH_PATHS = "$(inherited) @executable_path/Frameworks @loader_path/Frameworks";
				PRODUCT_BUNDLE_IDENTIFIER = marilyn.projCharmdTests;
				PRODUCT_NAME = "$(TARGET_NAME)";
				TEST_HOST = "$(BUILT_PRODUCTS_DIR)/projCharmd.app/projCharmd";
			};
			name = Debug;
		};
		E4E672151C26190000B96C7A /* Release */ = {
			isa = XCBuildConfiguration;
			buildSettings = {
				BUNDLE_LOADER = "$(TEST_HOST)";
				INFOPLIST_FILE = projCharmdTests/Info.plist;
				LD_RUNPATH_SEARCH_PATHS = "$(inherited) @executable_path/Frameworks @loader_path/Frameworks";
				PRODUCT_BUNDLE_IDENTIFIER = marilyn.projCharmdTests;
				PRODUCT_NAME = "$(TARGET_NAME)";
				TEST_HOST = "$(BUILT_PRODUCTS_DIR)/projCharmd.app/projCharmd";
			};
			name = Release;
		};
		E4E672171C26190000B96C7A /* Debug */ = {
			isa = XCBuildConfiguration;
			buildSettings = {
				INFOPLIST_FILE = projCharmdUITests/Info.plist;
				LD_RUNPATH_SEARCH_PATHS = "$(inherited) @executable_path/Frameworks @loader_path/Frameworks";
				PRODUCT_BUNDLE_IDENTIFIER = marilyn.projCharmdUITests;
				PRODUCT_NAME = "$(TARGET_NAME)";
				TEST_TARGET_NAME = projCharmd;
				USES_XCTRUNNER = YES;
			};
			name = Debug;
		};
		E4E672181C26190000B96C7A /* Release */ = {
			isa = XCBuildConfiguration;
			buildSettings = {
				INFOPLIST_FILE = projCharmdUITests/Info.plist;
				LD_RUNPATH_SEARCH_PATHS = "$(inherited) @executable_path/Frameworks @loader_path/Frameworks";
				PRODUCT_BUNDLE_IDENTIFIER = marilyn.projCharmdUITests;
				PRODUCT_NAME = "$(TARGET_NAME)";
				TEST_TARGET_NAME = projCharmd;
				USES_XCTRUNNER = YES;
			};
			name = Release;
		};
/* End XCBuildConfiguration section */

/* Begin XCConfigurationList section */
		E4E671DE1C2618FF00B96C7A /* Build configuration list for PBXProject "projCharmd" */ = {
			isa = XCConfigurationList;
			buildConfigurations = (
				E4E6720E1C26190000B96C7A /* Debug */,
				E4E6720F1C26190000B96C7A /* Release */,
			);
			defaultConfigurationIsVisible = 0;
			defaultConfigurationName = Release;
		};
		E4E672101C26190000B96C7A /* Build configuration list for PBXNativeTarget "projCharmd" */ = {
			isa = XCConfigurationList;
			buildConfigurations = (
				E4E672111C26190000B96C7A /* Debug */,
				E4E672121C26190000B96C7A /* Release */,
			);
			defaultConfigurationIsVisible = 0;
			defaultConfigurationName = Release;
		};
		E4E672131C26190000B96C7A /* Build configuration list for PBXNativeTarget "projCharmdTests" */ = {
			isa = XCConfigurationList;
			buildConfigurations = (
				E4E672141C26190000B96C7A /* Debug */,
				E4E672151C26190000B96C7A /* Release */,
			);
			defaultConfigurationIsVisible = 0;
			defaultConfigurationName = Release;
		};
		E4E672161C26190000B96C7A /* Build configuration list for PBXNativeTarget "projCharmdUITests" */ = {
			isa = XCConfigurationList;
			buildConfigurations = (
				E4E672171C26190000B96C7A /* Debug */,
				E4E672181C26190000B96C7A /* Release */,
			);
			defaultConfigurationIsVisible = 0;
			defaultConfigurationName = Release;
		};
/* End XCConfigurationList section */
	};
	rootObject = E4E671DB1C2618FF00B96C7A /* Project object */;
}
